version = 1
revision = 2
requires-python = ">=3.13"

[[package]]
name = "arrow"
version = "1.3.0"
source = { registry = "https://pypi.org/simple" }
dependencies = [
    { name = "python-dateutil" },
    { name = "types-python-dateutil" },
]
sdist = { url = "https://files.pythonhosted.org/packages/2e/00/0f6e8fcdb23ea632c866620cc872729ff43ed91d284c866b515c6342b173/arrow-1.3.0.tar.gz", hash = "sha256:d4540617648cb5f895730f1ad8c82a65f2dad0166f57b75f3ca54759c4d67a85", size = 131960, upload-time = "2023-09-30T22:11:18.25Z" }
wheels = [
    { url = "https://files.pythonhosted.org/packages/f8/ed/e97229a566617f2ae958a6b13e7cc0f585470eac730a73e9e82c32a3cdd2/arrow-1.3.0-py3-none-any.whl", hash = "sha256:c728b120ebc00eb84e01882a6f5e7927a53960aa990ce7dd2b10f39005a67f80", size = 66419, upload-time = "2023-09-30T22:11:16.072Z" },
]

[[package]]
name = "asbar-parser"
version = "0.1.4"
source = { editable = "." }
dependencies = [
    { name = "arrow" },
    { name = "just-heic" },
    { name = "lxml" },
    { name = "playwright" },
]

[package.metadata]
requires-dist = [
    { name = "arrow", specifier = ">=1.3.0" },
    { name = "just-heic", specifier = ">=0.0.0" },
    { name = "lxml", specifier = ">=5.3.1" },
    { name = "playwright", specifier = ">=1.52.0" },
]

[[package]]
name = "greenlet"
version = "3.2.2"
source = { registry = "https://pypi.org/simple" }
sdist = { url = "https://files.pythonhosted.org/packages/34/c1/a82edae11d46c0d83481aacaa1e578fea21d94a1ef400afd734d47ad95ad/greenlet-3.2.2.tar.gz", hash = "sha256:ad053d34421a2debba45aa3cc39acf454acbcd025b3fc1a9f8a0dee237abd485", size = 185797, upload-time = "2025-05-09T19:47:35.066Z" }
wheels = [
    { url = "https://files.pythonhosted.org/packages/89/30/97b49779fff8601af20972a62cc4af0c497c1504dfbb3e93be218e093f21/greenlet-3.2.2-cp313-cp313-macosx_11_0_universal2.whl", hash = "sha256:3ab7194ee290302ca15449f601036007873028712e92ca15fc76597a0aeb4c59", size = 269150, upload-time = "2025-05-09T14:50:30.784Z" },
    { url = "https://files.pythonhosted.org/packages/21/30/877245def4220f684bc2e01df1c2e782c164e84b32e07373992f14a2d107/greenlet-3.2.2-cp313-cp313-manylinux_2_17_aarch64.manylinux2014_aarch64.whl", hash = "sha256:2dc5c43bb65ec3669452af0ab10729e8fdc17f87a1f2ad7ec65d4aaaefabf6bf", size = 637381, upload-time = "2025-05-09T15:24:12.893Z" },
    { url = "https://files.pythonhosted.org/packages/8e/16/adf937908e1f913856b5371c1d8bdaef5f58f251d714085abeea73ecc471/greenlet-3.2.2-cp313-cp313-manylinux_2_17_ppc64le.manylinux2014_ppc64le.whl", hash = "sha256:decb0658ec19e5c1f519faa9a160c0fc85a41a7e6654b3ce1b44b939f8bf1325", size = 651427, upload-time = "2025-05-09T15:24:51.074Z" },
    { url = "https://files.pythonhosted.org/packages/ad/49/6d79f58fa695b618654adac64e56aff2eeb13344dc28259af8f505662bb1/greenlet-3.2.2-cp313-cp313-manylinux_2_17_s390x.manylinux2014_s390x.whl", hash = "sha256:6fadd183186db360b61cb34e81117a096bff91c072929cd1b529eb20dd46e6c5", size = 645795, upload-time = "2025-05-09T15:29:26.673Z" },
    { url = "https://files.pythonhosted.org/packages/5a/e6/28ed5cb929c6b2f001e96b1d0698c622976cd8f1e41fe7ebc047fa7c6dd4/greenlet-3.2.2-cp313-cp313-manylinux_2_17_x86_64.manylinux2014_x86_64.whl", hash = "sha256:1919cbdc1c53ef739c94cf2985056bcc0838c1f217b57647cbf4578576c63825", size = 648398, upload-time = "2025-05-09T14:53:36.61Z" },
    { url = "https://files.pythonhosted.org/packages/9d/70/b200194e25ae86bc57077f695b6cc47ee3118becf54130c5514456cf8dac/greenlet-3.2.2-cp313-cp313-manylinux_2_24_x86_64.manylinux_2_28_x86_64.whl", hash = "sha256:3885f85b61798f4192d544aac7b25a04ece5fe2704670b4ab73c2d2c14ab740d", size = 606795, upload-time = "2025-05-09T14:53:47.039Z" },
    { url = "https://files.pythonhosted.org/packages/f8/c8/ba1def67513a941154ed8f9477ae6e5a03f645be6b507d3930f72ed508d3/greenlet-3.2.2-cp313-cp313-musllinux_1_1_aarch64.whl", hash = "sha256:85f3e248507125bf4af607a26fd6cb8578776197bd4b66e35229cdf5acf1dfbf", size = 1117976, upload-time = "2025-05-09T15:27:06.542Z" },
    { url = "https://files.pythonhosted.org/packages/c3/30/d0e88c1cfcc1b3331d63c2b54a0a3a4a950ef202fb8b92e772ca714a9221/greenlet-3.2.2-cp313-cp313-musllinux_1_1_x86_64.whl", hash = "sha256:1e76106b6fc55fa3d6fe1c527f95ee65e324a13b62e243f77b48317346559708", size = 1145509, upload-time = "2025-05-09T14:54:02.223Z" },
    { url = "https://files.pythonhosted.org/packages/90/2e/59d6491834b6e289051b252cf4776d16da51c7c6ca6a87ff97e3a50aa0cd/greenlet-3.2.2-cp313-cp313-win_amd64.whl", hash = "sha256:fe46d4f8e94e637634d54477b0cfabcf93c53f29eedcbdeecaf2af32029b4421", size = 296023, upload-time = "2025-05-09T14:53:24.157Z" },
    { url = "https://files.pythonhosted.org/packages/65/66/8a73aace5a5335a1cba56d0da71b7bd93e450f17d372c5b7c5fa547557e9/greenlet-3.2.2-cp313-cp313t-manylinux_2_17_aarch64.manylinux2014_aarch64.whl", hash = "sha256:ba30e88607fb6990544d84caf3c706c4b48f629e18853fc6a646f82db9629418", size = 629911, upload-time = "2025-05-09T15:24:22.376Z" },
    { url = "https://files.pythonhosted.org/packages/48/08/c8b8ebac4e0c95dcc68ec99198842e7db53eda4ab3fb0a4e785690883991/greenlet-3.2.2-cp313-cp313t-manylinux_2_17_ppc64le.manylinux2014_ppc64le.whl", hash = "sha256:055916fafad3e3388d27dd68517478933a97edc2fc54ae79d3bec827de2c64c4", size = 635251, upload-time = "2025-05-09T15:24:52.205Z" },
    { url = "https://files.pythonhosted.org/packages/37/26/7db30868f73e86b9125264d2959acabea132b444b88185ba5c462cb8e571/greenlet-3.2.2-cp313-cp313t-manylinux_2_17_s390x.manylinux2014_s390x.whl", hash = "sha256:2593283bf81ca37d27d110956b79e8723f9aa50c4bcdc29d3c0543d4743d2763", size = 632620, upload-time = "2025-05-09T15:29:28.051Z" },
    { url = "https://files.pythonhosted.org/packages/10/ec/718a3bd56249e729016b0b69bee4adea0dfccf6ca43d147ef3b21edbca16/greenlet-3.2.2-cp313-cp313t-manylinux_2_17_x86_64.manylinux2014_x86_64.whl", hash = "sha256:89c69e9a10670eb7a66b8cef6354c24671ba241f46152dd3eed447f79c29fb5b", size = 628851, upload-time = "2025-05-09T14:53:38.472Z" },
    { url = "https://files.pythonhosted.org/packages/9b/9d/d1c79286a76bc62ccdc1387291464af16a4204ea717f24e77b0acd623b99/greenlet-3.2.2-cp313-cp313t-manylinux_2_24_x86_64.manylinux_2_28_x86_64.whl", hash = "sha256:02a98600899ca1ca5d3a2590974c9e3ec259503b2d6ba6527605fcd74e08e207", size = 593718, upload-time = "2025-05-09T14:53:48.313Z" },
    { url = "https://files.pythonhosted.org/packages/cd/41/96ba2bf948f67b245784cd294b84e3d17933597dffd3acdb367a210d1949/greenlet-3.2.2-cp313-cp313t-musllinux_1_1_aarch64.whl", hash = "sha256:b50a8c5c162469c3209e5ec92ee4f95c8231b11db6a04db09bbe338176723bb8", size = 1105752, upload-time = "2025-05-09T15:27:08.217Z" },
    { url = "https://files.pythonhosted.org/packages/68/3b/3b97f9d33c1f2eb081759da62bd6162159db260f602f048bc2f36b4c453e/greenlet-3.2.2-cp313-cp313t-musllinux_1_1_x86_64.whl", hash = "sha256:45f9f4853fb4cc46783085261c9ec4706628f3b57de3e68bae03e8f8b3c0de51", size = 1125170, upload-time = "2025-05-09T14:54:04.082Z" },
    { url = "https://files.pythonhosted.org/packages/31/df/b7d17d66c8d0f578d2885a3d8f565e9e4725eacc9d3fdc946d0031c055c4/greenlet-3.2.2-cp314-cp314-macosx_11_0_universal2.whl", hash = "sha256:9ea5231428af34226c05f927e16fc7f6fa5e39e3ad3cd24ffa48ba53a47f4240", size = 269899, upload-time = "2025-05-09T14:54:01.581Z" },
]

[[package]]
name = "just-heic"
version = "0.0.0"
source = { registry = "https://pypi.org/simple" }
dependencies = [
    { name = "pillow" },
    { name = "pillow-heif" },
]
sdist = { url = "https://files.pythonhosted.org/packages/4b/88/4bb97d9fd99f3804dcd65a15638b6c3540bbf0b7dab385b1e2b2dd213e55/just_heic-0.0.0.tar.gz", hash = "sha256:9d9ee57766b6c52974b31e54881a29f07dd446bdaa0e8c131173b90e2bec18b1", size = 14619, upload-time = "2023-09-05T19:51:03.476Z" }
wheels = [
    { url = "https://files.pythonhosted.org/packages/87/be/4efc2e2d4ffde2ccac95c0c59d2b64217569df5eaf6ab6e9c49614543b13/just_heic-0.0.0-py3-none-any.whl", hash = "sha256:5bf84ca3c5e95026d28dc7ab17ff5e9aa9e98c8ee8cefccd4cc6010f953dcd22", size = 16648, upload-time = "2023-09-05T19:51:01.549Z" },
]

[[package]]
name = "lxml"
version = "5.3.1"
source = { registry = "https://pypi.org/simple" }
sdist = { url = "https://files.pythonhosted.org/packages/ef/f6/c15ca8e5646e937c148e147244817672cf920b56ac0bf2cc1512ae674be8/lxml-5.3.1.tar.gz", hash = "sha256:106b7b5d2977b339f1e97efe2778e2ab20e99994cbb0ec5e55771ed0795920c8", size = 3678591, upload-time = "2025-02-10T07:51:41.769Z" }
wheels = [
    { url = "https://files.pythonhosted.org/packages/94/1c/724931daa1ace168e0237b929e44062545bf1551974102a5762c349c668d/lxml-5.3.1-cp313-cp313-macosx_10_13_universal2.whl", hash = "sha256:c093c7088b40d8266f57ed71d93112bd64c6724d31f0794c1e52cc4857c28e0e", size = 8171881, upload-time = "2025-02-10T07:46:40.653Z" },
    { url = "https://files.pythonhosted.org/packages/67/0c/857b8fb6010c4246e66abeebb8639eaabba60a6d9b7c606554ecc5cbf1ee/lxml-5.3.1-cp313-cp313-macosx_10_13_x86_64.whl", hash = "sha256:b0884e3f22d87c30694e625b1e62e6f30d39782c806287450d9dc2fdf07692fd", size = 4440394, upload-time = "2025-02-10T07:46:44.037Z" },
    { url = "https://files.pythonhosted.org/packages/61/72/c9e81de6a000f9682ccdd13503db26e973b24c68ac45a7029173237e3eed/lxml-5.3.1-cp313-cp313-manylinux_2_12_i686.manylinux2010_i686.manylinux_2_17_i686.manylinux2014_i686.whl", hash = "sha256:1637fa31ec682cd5760092adfabe86d9b718a75d43e65e211d5931809bc111e7", size = 5037860, upload-time = "2025-02-10T07:46:47.919Z" },
    { url = "https://files.pythonhosted.org/packages/24/26/942048c4b14835711b583b48cd7209bd2b5f0b6939ceed2381a494138b14/lxml-5.3.1-cp313-cp313-manylinux_2_17_aarch64.manylinux2014_aarch64.whl", hash = "sha256:a364e8e944d92dcbf33b6b494d4e0fb3499dcc3bd9485beb701aa4b4201fa414", size = 4782513, upload-time = "2025-02-10T07:46:50.696Z" },
    { url = "https://files.pythonhosted.org/packages/e2/65/27792339caf00f610cc5be32b940ba1e3009b7054feb0c4527cebac228d4/lxml-5.3.1-cp313-cp313-manylinux_2_17_ppc64le.manylinux2014_ppc64le.whl", hash = "sha256:779e851fd0e19795ccc8a9bb4d705d6baa0ef475329fe44a13cf1e962f18ff1e", size = 5305227, upload-time = "2025-02-10T07:46:53.503Z" },
    { url = "https://files.pythonhosted.org/packages/18/e1/25f7aa434a4d0d8e8420580af05ea49c3e12db6d297cf5435ac0a054df56/lxml-5.3.1-cp313-cp313-manylinux_2_17_s390x.manylinux2014_s390x.whl", hash = "sha256:c4393600915c308e546dc7003d74371744234e8444a28622d76fe19b98fa59d1", size = 4829846, upload-time = "2025-02-10T07:46:56.262Z" },
    { url = "https://files.pythonhosted.org/packages/fe/ed/faf235e0792547d24f61ee1448159325448a7e4f2ab706503049d8e5df19/lxml-5.3.1-cp313-cp313-manylinux_2_17_x86_64.manylinux2014_x86_64.whl", hash = "sha256:673b9d8e780f455091200bba8534d5f4f465944cbdd61f31dc832d70e29064a5", size = 4949495, upload-time = "2025-02-10T07:46:59.189Z" },
    { url = "https://files.pythonhosted.org/packages/e5/e1/8f572ad9ed6039ba30f26dd4c2c58fb90f79362d2ee35ca3820284767672/lxml-5.3.1-cp313-cp313-manylinux_2_28_aarch64.whl", hash = "sha256:2e4a570f6a99e96c457f7bec5ad459c9c420ee80b99eb04cbfcfe3fc18ec6423", size = 4773415, upload-time = "2025-02-10T07:47:03.53Z" },
    { url = "https://files.pythonhosted.org/packages/a3/75/6b57166b9d1983dac8f28f354e38bff8d6bcab013a241989c4d54c72701b/lxml-5.3.1-cp313-cp313-manylinux_2_28_ppc64le.whl", hash = "sha256:71f31eda4e370f46af42fc9f264fafa1b09f46ba07bdbee98f25689a04b81c20", size = 5337710, upload-time = "2025-02-10T07:47:06.385Z" },
    { url = "https://files.pythonhosted.org/packages/cc/71/4aa56e2daa83bbcc66ca27b5155be2f900d996f5d0c51078eaaac8df9547/lxml-5.3.1-cp313-cp313-manylinux_2_28_s390x.whl", hash = "sha256:42978a68d3825eaac55399eb37a4d52012a205c0c6262199b8b44fcc6fd686e8", size = 4897362, upload-time = "2025-02-10T07:47:09.24Z" },
    { url = "https://files.pythonhosted.org/packages/65/10/3fa2da152cd9b49332fd23356ed7643c9b74cad636ddd5b2400a9730d12b/lxml-5.3.1-cp313-cp313-manylinux_2_28_x86_64.whl", hash = "sha256:8b1942b3e4ed9ed551ed3083a2e6e0772de1e5e3aca872d955e2e86385fb7ff9", size = 4977795, upload-time = "2025-02-10T07:47:12.101Z" },
    { url = "https://files.pythonhosted.org/packages/de/d2/e1da0f7b20827e7b0ce934963cb6334c1b02cf1bb4aecd218c4496880cb3/lxml-5.3.1-cp313-cp313-musllinux_1_2_aarch64.whl", hash = "sha256:85c4f11be9cf08917ac2a5a8b6e1ef63b2f8e3799cec194417e76826e5f1de9c", size = 4858104, upload-time = "2025-02-10T07:47:15.998Z" },
    { url = "https://files.pythonhosted.org/packages/a5/35/063420e1b33d3308f5aa7fcbdd19ef6c036f741c9a7a4bd5dc8032486b27/lxml-5.3.1-cp313-cp313-musllinux_1_2_ppc64le.whl", hash = "sha256:231cf4d140b22a923b1d0a0a4e0b4f972e5893efcdec188934cc65888fd0227b", size = 5416531, upload-time = "2025-02-10T07:47:19.862Z" },
    { url = "https://files.pythonhosted.org/packages/c3/83/93a6457d291d1e37adfb54df23498101a4701834258c840381dd2f6a030e/lxml-5.3.1-cp313-cp313-musllinux_1_2_s390x.whl", hash = "sha256:5865b270b420eda7b68928d70bb517ccbe045e53b1a428129bb44372bf3d7dd5", size = 5273040, upload-time = "2025-02-10T07:47:24.29Z" },
    { url = "https://files.pythonhosted.org/packages/39/25/ad4ac8fac488505a2702656550e63c2a8db3a4fd63db82a20dad5689cecb/lxml-5.3.1-cp313-cp313-musllinux_1_2_x86_64.whl", hash = "sha256:dbf7bebc2275016cddf3c997bf8a0f7044160714c64a9b83975670a04e6d2252", size = 5050951, upload-time = "2025-02-10T07:47:27.143Z" },
    { url = "https://files.pythonhosted.org/packages/82/74/f7d223c704c87e44b3d27b5e0dde173a2fcf2e89c0524c8015c2b3554876/lxml-5.3.1-cp313-cp313-win32.whl", hash = "sha256:d0751528b97d2b19a388b302be2a0ee05817097bab46ff0ed76feeec24951f78", size = 3485357, upload-time = "2025-02-10T07:47:29.738Z" },
    { url = "https://files.pythonhosted.org/packages/80/83/8c54533b3576f4391eebea88454738978669a6cad0d8e23266224007939d/lxml-5.3.1-cp313-cp313-win_amd64.whl", hash = "sha256:91fb6a43d72b4f8863d21f347a9163eecbf36e76e2f51068d59cd004c506f332", size = 3814484, upload-time = "2025-02-10T07:47:33.3Z" },
]

[[package]]
name = "pillow"
version = "11.2.1"
source = { registry = "https://pypi.org/simple" }
sdist = { url = "https://files.pythonhosted.org/packages/af/cb/bb5c01fcd2a69335b86c22142b2bccfc3464087efb7fd382eee5ffc7fdf7/pillow-11.2.1.tar.gz", hash = "sha256:a64dd61998416367b7ef979b73d3a85853ba9bec4c2925f74e588879a58716b6", size = 47026707, upload-time = "2025-04-12T17:50:03.289Z" }
wheels = [
    { url = "https://files.pythonhosted.org/packages/36/9c/447528ee3776e7ab8897fe33697a7ff3f0475bb490c5ac1456a03dc57956/pillow-11.2.1-cp313-cp313-macosx_10_13_x86_64.whl", hash = "sha256:fdec757fea0b793056419bca3e9932eb2b0ceec90ef4813ea4c1e072c389eb28", size = 3190098, upload-time = "2025-04-12T17:48:23.915Z" },
    { url = "https://files.pythonhosted.org/packages/b5/09/29d5cd052f7566a63e5b506fac9c60526e9ecc553825551333e1e18a4858/pillow-11.2.1-cp313-cp313-macosx_11_0_arm64.whl", hash = "sha256:b0e130705d568e2f43a17bcbe74d90958e8a16263868a12c3e0d9c8162690830", size = 3030166, upload-time = "2025-04-12T17:48:25.738Z" },
    { url = "https://files.pythonhosted.org/packages/71/5d/446ee132ad35e7600652133f9c2840b4799bbd8e4adba881284860da0a36/pillow-11.2.1-cp313-cp313-manylinux_2_17_aarch64.manylinux2014_aarch64.whl", hash = "sha256:7bdb5e09068332578214cadd9c05e3d64d99e0e87591be22a324bdbc18925be0", size = 4408674, upload-time = "2025-04-12T17:48:27.908Z" },
    { url = "https://files.pythonhosted.org/packages/69/5f/cbe509c0ddf91cc3a03bbacf40e5c2339c4912d16458fcb797bb47bcb269/pillow-11.2.1-cp313-cp313-manylinux_2_17_x86_64.manylinux2014_x86_64.whl", hash = "sha256:d189ba1bebfbc0c0e529159631ec72bb9e9bc041f01ec6d3233d6d82eb823bc1", size = 4496005, upload-time = "2025-04-12T17:48:29.888Z" },
    { url = "https://files.pythonhosted.org/packages/f9/b3/dd4338d8fb8a5f312021f2977fb8198a1184893f9b00b02b75d565c33b51/pillow-11.2.1-cp313-cp313-manylinux_2_28_aarch64.whl", hash = "sha256:191955c55d8a712fab8934a42bfefbf99dd0b5875078240943f913bb66d46d9f", size = 4518707, upload-time = "2025-04-12T17:48:31.874Z" },
    { url = "https://files.pythonhosted.org/packages/13/eb/2552ecebc0b887f539111c2cd241f538b8ff5891b8903dfe672e997529be/pillow-11.2.1-cp313-cp313-manylinux_2_28_x86_64.whl", hash = "sha256:ad275964d52e2243430472fc5d2c2334b4fc3ff9c16cb0a19254e25efa03a155", size = 4610008, upload-time = "2025-04-12T17:48:34.422Z" },
    { url = "https://files.pythonhosted.org/packages/72/d1/924ce51bea494cb6e7959522d69d7b1c7e74f6821d84c63c3dc430cbbf3b/pillow-11.2.1-cp313-cp313-musllinux_1_2_aarch64.whl", hash = "sha256:750f96efe0597382660d8b53e90dd1dd44568a8edb51cb7f9d5d918b80d4de14", size = 4585420, upload-time = "2025-04-12T17:48:37.641Z" },
    { url = "https://files.pythonhosted.org/packages/43/ab/8f81312d255d713b99ca37479a4cb4b0f48195e530cdc1611990eb8fd04b/pillow-11.2.1-cp313-cp313-musllinux_1_2_x86_64.whl", hash = "sha256:fe15238d3798788d00716637b3d4e7bb6bde18b26e5d08335a96e88564a36b6b", size = 4667655, upload-time = "2025-04-12T17:48:39.652Z" },
    { url = "https://files.pythonhosted.org/packages/94/86/8f2e9d2dc3d308dfd137a07fe1cc478df0a23d42a6c4093b087e738e4827/pillow-11.2.1-cp313-cp313-win32.whl", hash = "sha256:3fe735ced9a607fee4f481423a9c36701a39719252a9bb251679635f99d0f7d2", size = 2332329, upload-time = "2025-04-12T17:48:41.765Z" },
    { url = "https://files.pythonhosted.org/packages/6d/ec/1179083b8d6067a613e4d595359b5fdea65d0a3b7ad623fee906e1b3c4d2/pillow-11.2.1-cp313-cp313-win_amd64.whl", hash = "sha256:74ee3d7ecb3f3c05459ba95eed5efa28d6092d751ce9bf20e3e253a4e497e691", size = 2676388, upload-time = "2025-04-12T17:48:43.625Z" },
    { url = "https://files.pythonhosted.org/packages/23/f1/2fc1e1e294de897df39fa8622d829b8828ddad938b0eaea256d65b84dd72/pillow-11.2.1-cp313-cp313-win_arm64.whl", hash = "sha256:5119225c622403afb4b44bad4c1ca6c1f98eed79db8d3bc6e4e160fc6339d66c", size = 2414950, upload-time = "2025-04-12T17:48:45.475Z" },
    { url = "https://files.pythonhosted.org/packages/c4/3e/c328c48b3f0ead7bab765a84b4977acb29f101d10e4ef57a5e3400447c03/pillow-11.2.1-cp313-cp313t-macosx_10_13_x86_64.whl", hash = "sha256:8ce2e8411c7aaef53e6bb29fe98f28cd4fbd9a1d9be2eeea434331aac0536b22", size = 3192759, upload-time = "2025-04-12T17:48:47.866Z" },
    { url = "https://files.pythonhosted.org/packages/18/0e/1c68532d833fc8b9f404d3a642991441d9058eccd5606eab31617f29b6d4/pillow-11.2.1-cp313-cp313t-macosx_11_0_arm64.whl", hash = "sha256:9ee66787e095127116d91dea2143db65c7bb1e232f617aa5957c0d9d2a3f23a7", size = 3033284, upload-time = "2025-04-12T17:48:50.189Z" },
    { url = "https://files.pythonhosted.org/packages/b7/cb/6faf3fb1e7705fd2db74e070f3bf6f88693601b0ed8e81049a8266de4754/pillow-11.2.1-cp313-cp313t-manylinux_2_17_aarch64.manylinux2014_aarch64.whl", hash = "sha256:9622e3b6c1d8b551b6e6f21873bdcc55762b4b2126633014cea1803368a9aa16", size = 4445826, upload-time = "2025-04-12T17:48:52.346Z" },
    { url = "https://files.pythonhosted.org/packages/07/94/8be03d50b70ca47fb434a358919d6a8d6580f282bbb7af7e4aa40103461d/pillow-11.2.1-cp313-cp313t-manylinux_2_17_x86_64.manylinux2014_x86_64.whl", hash = "sha256:63b5dff3a68f371ea06025a1a6966c9a1e1ee452fc8020c2cd0ea41b83e9037b", size = 4527329, upload-time = "2025-04-12T17:48:54.403Z" },
    { url = "https://files.pythonhosted.org/packages/fd/a4/bfe78777076dc405e3bd2080bc32da5ab3945b5a25dc5d8acaa9de64a162/pillow-11.2.1-cp313-cp313t-manylinux_2_28_aarch64.whl", hash = "sha256:31df6e2d3d8fc99f993fd253e97fae451a8db2e7207acf97859732273e108406", size = 4549049, upload-time = "2025-04-12T17:48:56.383Z" },
    { url = "https://files.pythonhosted.org/packages/65/4d/eaf9068dc687c24979e977ce5677e253624bd8b616b286f543f0c1b91662/pillow-11.2.1-cp313-cp313t-manylinux_2_28_x86_64.whl", hash = "sha256:062b7a42d672c45a70fa1f8b43d1d38ff76b63421cbbe7f88146b39e8a558d91", size = 4635408, upload-time = "2025-04-12T17:48:58.782Z" },
    { url = "https://files.pythonhosted.org/packages/1d/26/0fd443365d9c63bc79feb219f97d935cd4b93af28353cba78d8e77b61719/pillow-11.2.1-cp313-cp313t-musllinux_1_2_aarch64.whl", hash = "sha256:4eb92eca2711ef8be42fd3f67533765d9fd043b8c80db204f16c8ea62ee1a751", size = 4614863, upload-time = "2025-04-12T17:49:00.709Z" },
    { url = "https://files.pythonhosted.org/packages/49/65/dca4d2506be482c2c6641cacdba5c602bc76d8ceb618fd37de855653a419/pillow-11.2.1-cp313-cp313t-musllinux_1_2_x86_64.whl", hash = "sha256:f91ebf30830a48c825590aede79376cb40f110b387c17ee9bd59932c961044f9", size = 4692938, upload-time = "2025-04-12T17:49:02.946Z" },
    { url = "https://files.pythonhosted.org/packages/b3/92/1ca0c3f09233bd7decf8f7105a1c4e3162fb9142128c74adad0fb361b7eb/pillow-11.2.1-cp313-cp313t-win32.whl", hash = "sha256:e0b55f27f584ed623221cfe995c912c61606be8513bfa0e07d2c674b4516d9dd", size = 2335774, upload-time = "2025-04-12T17:49:04.889Z" },
    { url = "https://files.pythonhosted.org/packages/a5/ac/77525347cb43b83ae905ffe257bbe2cc6fd23acb9796639a1f56aa59d191/pillow-11.2.1-cp313-cp313t-win_amd64.whl", hash = "sha256:36d6b82164c39ce5482f649b437382c0fb2395eabc1e2b1702a6deb8ad647d6e", size = 2681895, upload-time = "2025-04-12T17:49:06.635Z" },
    { url = "https://files.pythonhosted.org/packages/67/32/32dc030cfa91ca0fc52baebbba2e009bb001122a1daa8b6a79ad830b38d3/pillow-11.2.1-cp313-cp313t-win_arm64.whl", hash = "sha256:225c832a13326e34f212d2072982bb1adb210e0cc0b153e688743018c94a2681", size = 2417234, upload-time = "2025-04-12T17:49:08.399Z" },
]

[[package]]
name = "pillow-heif"
version = "0.22.0"
source = { registry = "https://pypi.org/simple" }
dependencies = [
    { name = "pillow" },
]
sdist = { url = "https://files.pythonhosted.org/packages/d2/85/d26cc132e66e8c3c9ffa85c256717995214bf7f1f2af8c13beb56bcfb535/pillow_heif-0.22.0.tar.gz", hash = "sha256:61d473929340d3073722f6316b7fbbdb11132faa6bac0242328e8436cc55b39a", size = 18551571, upload-time = "2025-03-15T13:20:37.36Z" }
wheels = [
    { url = "https://files.pythonhosted.org/packages/12/ec/6837894b01467d67e3e17714cf384635b6d97c1dc225681baf29ea7d08ed/pillow_heif-0.22.0-cp313-cp313-macosx_13_0_x86_64.whl", hash = "sha256:31a2a4838b3eacec665befbd621a43201c2ece0e35d636e001c4039cca875ba8", size = 5400123, upload-time = "2025-03-15T13:19:56.106Z" },
    { url = "https://files.pythonhosted.org/packages/2c/6e/1b5ce58305496a3d1ade256e629ec717d30b292601a0ce99bd4568ced4e6/pillow_heif-0.22.0-cp313-cp313-macosx_14_0_arm64.whl", hash = "sha256:c5b25c2c4f147ca57e51ecfdd833c9ae9cbf00c8da34b7892ec0c8f4b57785b9", size = 3983862, upload-time = "2025-03-15T13:19:57.471Z" },
    { url = "https://files.pythonhosted.org/packages/1c/c9/7cfc6fcf88877c6836312e47ee81171ad4fa63ffd53d99bc37402f7c6c2d/pillow_heif-0.22.0-cp313-cp313-manylinux_2_17_aarch64.manylinux2014_aarch64.whl", hash = "sha256:f8563f14d76e544f5d1e8915c34dc2b01863351b7f74efbbaf9671d599b4ea5b", size = 6978827, upload-time = "2025-03-15T13:19:59.861Z" },
    { url = "https://files.pythonhosted.org/packages/98/80/f1fdc597ddee1dec886225766c9ac5d8940fabda1515298f448273c69878/pillow_heif-0.22.0-cp313-cp313-manylinux_2_17_x86_64.manylinux2014_x86_64.whl", hash = "sha256:24b7b5bdc5a3a953cdf1de8aa8ee83b0305ab6be3c7808b1ca67594df0d750e2", size = 7814723, upload-time = "2025-03-15T13:20:01.704Z" },
    { url = "https://files.pythonhosted.org/packages/06/3c/a0e63f3750a8c7e6800c4b5079ce55ed6538c69a604e92d6d9562278f8c1/pillow_heif-0.22.0-cp313-cp313-musllinux_1_2_aarch64.whl", hash = "sha256:d9dcde90c30e61f1f0da30393bf1983fe8dad3b890f52406e617b7840c682948", size = 8313606, upload-time = "2025-03-15T13:20:04.863Z" },
    { url = "https://files.pythonhosted.org/packages/e4/63/81c6c0b5ba2fc6474a9a68d44bd7c0c3891ec5bc4401b1c60823c3837ff4/pillow_heif-0.22.0-cp313-cp313-musllinux_1_2_x86_64.whl", hash = "sha256:29caf663afcf142ac7ffb903fda4e5a01991054a0fe4abd379fef3d42575ca67", size = 9060974, upload-time = "2025-03-15T13:20:06.214Z" },
    { url = "https://files.pythonhosted.org/packages/20/e3/bbd66a4f81a5e77e364effbedc8c5767ad1cc481f0a082093189e56d65e5/pillow_heif-0.22.0-cp313-cp313-win_amd64.whl", hash = "sha256:bac5e9a4d85ffc724180eb0fa3aef304aa9b67faea6f86c33e4c2e6a447db098", size = 8567192, upload-time = "2025-03-15T13:20:07.909Z" },
]

[[package]]
name = "playwright"
version = "1.52.0"
source = { registry = "https://pypi.org/simple" }
dependencies = [
    { name = "greenlet" },
    { name = "pyee" },
]
wheels = [
    { url = "https://files.pythonhosted.org/packages/1e/62/a20240605485ca99365a8b72ed95e0b4c5739a13fb986353f72d8d3f1d27/playwright-1.52.0-py3-none-macosx_10_13_x86_64.whl", hash = "sha256:19b2cb9d4794062008a635a99bd135b03ebb782d460f96534a91cb583f549512", size = 39611246, upload-time = "2025-04-30T09:28:32.386Z" },
    { url = "https://files.pythonhosted.org/packages/dc/23/57ff081663b3061a2a3f0e111713046f705da2595f2f384488a76e4db732/playwright-1.52.0-py3-none-macosx_11_0_arm64.whl", hash = "sha256:0797c0479cbdc99607412a3c486a3a2ec9ddc77ac461259fd2878c975bcbb94a", size = 37962977, upload-time = "2025-04-30T09:28:37.719Z" },
    { url = "https://files.pythonhosted.org/packages/a2/ff/eee8532cff4b3d768768152e8c4f30d3caa80f2969bf3143f4371d377b74/playwright-1.52.0-py3-none-macosx_11_0_universal2.whl", hash = "sha256:7223960b7dd7ddeec1ba378c302d1d09733b8dac438f492e9854c85d3ca7144f", size = 39611247, upload-time = "2025-04-30T09:28:41.082Z" },
    { url = "https://files.pythonhosted.org/packages/73/c6/8e27af9798f81465b299741ef57064c6ec1a31128ed297406469907dc5a4/playwright-1.52.0-py3-none-manylinux1_x86_64.whl", hash = "sha256:d010124d24a321e0489a8c0d38a3971a7ca7656becea7656c9376bfea7f916d4", size = 45141333, upload-time = "2025-04-30T09:28:45.103Z" },
    { url = "https://files.pythonhosted.org/packages/4e/e9/0661d343ed55860bcfb8934ce10e9597fc953358773ece507b22b0f35c57/playwright-1.52.0-py3-none-manylinux_2_17_aarch64.manylinux2014_aarch64.whl", hash = "sha256:4173e453c43180acc60fd77ffe1ebee8d0efbfd9986c03267007b9c3845415af", size = 44540623, upload-time = "2025-04-30T09:28:48.749Z" },
    { url = "https://files.pythonhosted.org/packages/7a/81/a850dbc6bc2e1bd6cc87341e59c253269602352de83d34b00ea38cf410ee/playwright-1.52.0-py3-none-win32.whl", hash = "sha256:cd0bdf92df99db6237a99f828e80a6a50db6180ef8d5352fc9495df2c92f9971", size = 34839156, upload-time = "2025-04-30T09:28:52.768Z" },
    { url = "https://files.pythonhosted.org/packages/51/f3/cca2aa84eb28ea7d5b85d16caa92d62d18b6e83636e3d67957daca1ee4c7/playwright-1.52.0-py3-none-win_amd64.whl", hash = "sha256:dcbf75101eba3066b7521c6519de58721ea44379eb17a0dafa94f9f1b17f59e4", size = 34839164, upload-time = "2025-04-30T09:28:56.36Z" },
    { url = "https://files.pythonhosted.org/packages/b5/4f/71a8a873e8c3c3e2d3ec03a578e546f6875be8a76214d90219f752f827cd/playwright-1.52.0-py3-none-win_arm64.whl", hash = "sha256:9d0085b8de513de5fb50669f8e6677f0252ef95a9a1d2d23ccee9638e71e65cb", size = 30688972, upload-time = "2025-04-30T09:28:59.47Z" },
]

[[package]]
name = "pyee"
version = "13.0.0"
source = { registry = "https://pypi.org/simple" }
dependencies = [
    { name = "typing-extensions" },
]
sdist = { url = "https://files.pythonhosted.org/packages/95/03/1fd98d5841cd7964a27d729ccf2199602fe05eb7a405c1462eb7277945ed/pyee-13.0.0.tar.gz", hash = "sha256:b391e3c5a434d1f5118a25615001dbc8f669cf410ab67d04c4d4e07c55481c37", size = 31250, upload-time = "2025-03-17T18:53:15.955Z" }
wheels = [
    { url = "https://files.pythonhosted.org/packages/9b/4d/b9add7c84060d4c1906abe9a7e5359f2a60f7a9a4f67268b2766673427d8/pyee-13.0.0-py3-none-any.whl", hash = "sha256:48195a3cddb3b1515ce0695ed76036b5ccc2ef3a9f963ff9f77aec0139845498", size = 15730, upload-time = "2025-03-17T18:53:14.532Z" },
]

[[package]]
name = "python-dateutil"
version = "2.9.0.post0"
source = { registry = "https://pypi.org/simple" }
dependencies = [
    { name = "six" },
]
sdist = { url = "https://files.pythonhosted.org/packages/66/c0/0c8b6ad9f17a802ee498c46e004a0eb49bc148f2fd230864601a86dcf6db/python-dateutil-2.9.0.post0.tar.gz", hash = "sha256:37dd54208da7e1cd875388217d5e00ebd4179249f90fb72437e91a35459a0ad3", size = 342432, upload-time = "2024-03-01T18:36:20.211Z" }
wheels = [
    { url = "https://files.pythonhosted.org/packages/ec/57/56b9bcc3c9c6a792fcbaf139543cee77261f3651ca9da0c93f5c1221264b/python_dateutil-2.9.0.post0-py2.py3-none-any.whl", hash = "sha256:a8b2bc7bffae282281c8140a97d3aa9c14da0b136dfe83f850eea9a5f7470427", size = 229892, upload-time = "2024-03-01T18:36:18.57Z" },
]

[[package]]
name = "six"
version = "1.17.0"
source = { registry = "https://pypi.org/simple" }
sdist = { url = "https://files.pythonhosted.org/packages/94/e7/b2c673351809dca68a0e064b6af791aa332cf192da575fd474ed7d6f16a2/six-1.17.0.tar.gz", hash = "sha256:ff70335d468e7eb6ec65b95b99d3a2836546063f63acc5171de367e834932a81", size = 34031, upload-time = "2024-12-04T17:35:28.174Z" }
wheels = [
    { url = "https://files.pythonhosted.org/packages/b7/ce/149a00dd41f10bc29e5921b496af8b574d8413afcd5e30dfa0ed46c2cc5e/six-1.17.0-py2.py3-none-any.whl", hash = "sha256:4721f391ed90541fddacab5acf947aa0d3dc7d27b2e1e8eda2be8970586c3274", size = 11050, upload-time = "2024-12-04T17:35:26.475Z" },
]

[[package]]
name = "types-python-dateutil"
version = "2.9.0.20250516"
source = { registry = "https://pypi.org/simple" }
sdist = { url = "https://files.pythonhosted.org/packages/ef/88/d65ed807393285204ab6e2801e5d11fbbea811adcaa979a2ed3b67a5ef41/types_python_dateutil-2.9.0.20250516.tar.gz", hash = "sha256:13e80d6c9c47df23ad773d54b2826bd52dbbb41be87c3f339381c1700ad21ee5", size = 13943, upload-time = "2025-05-16T03:06:58.385Z" }
wheels = [
    { url = "https://files.pythonhosted.org/packages/c5/3f/b0e8db149896005adc938a1e7f371d6d7e9eca4053a29b108978ed15e0c2/types_python_dateutil-2.9.0.20250516-py3-none-any.whl", hash = "sha256:2b2b3f57f9c6a61fba26a9c0ffb9ea5681c9b83e69cd897c6b5f668d9c0cab93", size = 14356, upload-time = "2025-05-16T03:06:57.249Z" },
]

[[package]]
name = "typing-extensions"
version = "4.13.2"
source = { registry = "https://pypi.org/simple" }
sdist = { url = "https://files.pythonhosted.org/packages/f6/37/23083fcd6e35492953e8d2aaaa68b860eb422b34627b13f2ce3eb6106061/typing_extensions-4.13.2.tar.gz", hash = "sha256:e6c81219bd689f51865d9e372991c540bda33a0379d5573cddb9a3a23f7caaef", size = 106967, upload-time = "2025-04-10T14:19:05.416Z" }
wheels = [
    { url = "https://files.pythonhosted.org/packages/8b/54/b1ae86c0973cc6f0210b53d508ca3641fb6d0c56823f288d108bc7ab3cc8/typing_extensions-4.13.2-py3-none-any.whl", hash = "sha256:a439e7c04b49fec3e5d3e2beaa21755cadbbdc391694e28ccdd36ca4a1408f8c", size = 45806, upload-time = "2025-04-10T14:19:03.967Z" },
]
